// !$*UTF8*$!
{
	archiveVersion = 1;
	classes = {
	};
	objectVersion = 46;
	objects = {

/* Begin PBXBuildFile section */
		26004ABCAAB88149B1D02CAB /* Pods_APILayerKitUITests.framework in Frameworks */ = {isa = PBXBuildFile; fileRef = 11B2C3F314EF7948BEA3B6AF /* Pods_APILayerKitUITests.framework */; };
		3AEEB5661F92555F007A1CAE /* Api.swift in Sources */ = {isa = PBXBuildFile; fileRef = 3AEEB5621F92555F007A1CAE /* Api.swift */; };
		3AEEB5671F92555F007A1CAE /* ApiAccess.swift in Sources */ = {isa = PBXBuildFile; fileRef = 3AEEB5631F92555F007A1CAE /* ApiAccess.swift */; };
		3AEEB5681F92555F007A1CAE /* ModelMap.swift in Sources */ = {isa = PBXBuildFile; fileRef = 3AEEB5641F92555F007A1CAE /* ModelMap.swift */; };
		3AEEB5691F92555F007A1CAE /* SessionManager.swift in Sources */ = {isa = PBXBuildFile; fileRef = 3AEEB5651F92555F007A1CAE /* SessionManager.swift */; };
		3AEEB56B1F9255E5007A1CAE /* Alamofire+SwiftyJSON.swift in Sources */ = {isa = PBXBuildFile; fileRef = 3AEEB56A1F9255E5007A1CAE /* Alamofire+SwiftyJSON.swift */; };
		3AEEB56D1F92599B007A1CAE /* Example.swift in Sources */ = {isa = PBXBuildFile; fileRef = 3AEEB56C1F92599B007A1CAE /* Example.swift */; };
		64A85A151F8F453300BF0A4C /* AppDelegate.swift in Sources */ = {isa = PBXBuildFile; fileRef = 64A85A141F8F453300BF0A4C /* AppDelegate.swift */; };
		64A85A171F8F453300BF0A4C /* ViewController.swift in Sources */ = {isa = PBXBuildFile; fileRef = 64A85A161F8F453300BF0A4C /* ViewController.swift */; };
		64A85A1A1F8F453300BF0A4C /* Main.storyboard in Resources */ = {isa = PBXBuildFile; fileRef = 64A85A181F8F453300BF0A4C /* Main.storyboard */; };
		64A85A1C1F8F453300BF0A4C /* Assets.xcassets in Resources */ = {isa = PBXBuildFile; fileRef = 64A85A1B1F8F453300BF0A4C /* Assets.xcassets */; };
		64A85A1F1F8F453300BF0A4C /* LaunchScreen.storyboard in Resources */ = {isa = PBXBuildFile; fileRef = 64A85A1D1F8F453300BF0A4C /* LaunchScreen.storyboard */; };
		64A85A2A1F8F453300BF0A4C /* APILayerKitTests.swift in Sources */ = {isa = PBXBuildFile; fileRef = 64A85A291F8F453300BF0A4C /* APILayerKitTests.swift */; };
		64A85A351F8F453300BF0A4C /* APILayerKitUITests.swift in Sources */ = {isa = PBXBuildFile; fileRef = 64A85A341F8F453300BF0A4C /* APILayerKitUITests.swift */; };
		6F729079549CC8E36BDB3FA3 /* Pods_APILayerKitTests.framework in Frameworks */ = {isa = PBXBuildFile; fileRef = D7BBA13571EC8981F6810974 /* Pods_APILayerKitTests.framework */; };
		AE432C81D3D93861152A5E77 /* Pods_APILayerKit.framework in Frameworks */ = {isa = PBXBuildFile; fileRef = 0FB0F0E5334D6840CCEC109E /* Pods_APILayerKit.framework */; };
/* End PBXBuildFile section */

/* Begin PBXContainerItemProxy section */
		64A85A261F8F453300BF0A4C /* PBXContainerItemProxy */ = {
			isa = PBXContainerItemProxy;
			containerPortal = 64A85A091F8F453300BF0A4C /* Project object */;
			proxyType = 1;
			remoteGlobalIDString = 64A85A101F8F453300BF0A4C;
			remoteInfo = APILayerKit;
		};
		64A85A311F8F453300BF0A4C /* PBXContainerItemProxy */ = {
			isa = PBXContainerItemProxy;
			containerPortal = 64A85A091F8F453300BF0A4C /* Project object */;
			proxyType = 1;
			remoteGlobalIDString = 64A85A101F8F453300BF0A4C;
			remoteInfo = APILayerKit;
		};
/* End PBXContainerItemProxy section */

/* Begin PBXFileReference section */
		0FB0F0E5334D6840CCEC109E /* Pods_APILayerKit.framework */ = {isa = PBXFileReference; explicitFileType = wrapper.framework; includeInIndex = 0; path = Pods_APILayerKit.framework; sourceTree = BUILT_PRODUCTS_DIR; };
		1156688A1087639E46523F80 /* Pods-APILayerKitTests.release.xcconfig */ = {isa = PBXFileReference; includeInIndex = 1; lastKnownFileType = text.xcconfig; name = "Pods-APILayerKitTests.release.xcconfig"; path = "Pods/Target Support Files/Pods-APILayerKitTests/Pods-APILayerKitTests.release.xcconfig"; sourceTree = "<group>"; };
		11B2C3F314EF7948BEA3B6AF /* Pods_APILayerKitUITests.framework */ = {isa = PBXFileReference; explicitFileType = wrapper.framework; includeInIndex = 0; path = Pods_APILayerKitUITests.framework; sourceTree = BUILT_PRODUCTS_DIR; };
		3AEEB5621F92555F007A1CAE /* Api.swift */ = {isa = PBXFileReference; fileEncoding = 4; lastKnownFileType = sourcecode.swift; path = Api.swift; sourceTree = "<group>"; };
		3AEEB5631F92555F007A1CAE /* ApiAccess.swift */ = {isa = PBXFileReference; fileEncoding = 4; lastKnownFileType = sourcecode.swift; path = ApiAccess.swift; sourceTree = "<group>"; };
		3AEEB5641F92555F007A1CAE /* ModelMap.swift */ = {isa = PBXFileReference; fileEncoding = 4; lastKnownFileType = sourcecode.swift; path = ModelMap.swift; sourceTree = "<group>"; };
		3AEEB5651F92555F007A1CAE /* SessionManager.swift */ = {isa = PBXFileReference; fileEncoding = 4; lastKnownFileType = sourcecode.swift; path = SessionManager.swift; sourceTree = "<group>"; };
		3AEEB56A1F9255E5007A1CAE /* Alamofire+SwiftyJSON.swift */ = {isa = PBXFileReference; fileEncoding = 4; lastKnownFileType = sourcecode.swift; path = "Alamofire+SwiftyJSON.swift"; sourceTree = "<group>"; };
		3AEEB56C1F92599B007A1CAE /* Example.swift */ = {isa = PBXFileReference; fileEncoding = 4; lastKnownFileType = sourcecode.swift; path = Example.swift; sourceTree = "<group>"; };
		4D7FAF381D7060122D511337 /* Pods-APILayerKitTests.debug.xcconfig */ = {isa = PBXFileReference; includeInIndex = 1; lastKnownFileType = text.xcconfig; name = "Pods-APILayerKitTests.debug.xcconfig"; path = "Pods/Target Support Files/Pods-APILayerKitTests/Pods-APILayerKitTests.debug.xcconfig"; sourceTree = "<group>"; };
		64A85A111F8F453300BF0A4C /* APILayerKit.app */ = {isa = PBXFileReference; explicitFileType = wrapper.application; includeInIndex = 0; path = APILayerKit.app; sourceTree = BUILT_PRODUCTS_DIR; };
		64A85A141F8F453300BF0A4C /* AppDelegate.swift */ = {isa = PBXFileReference; lastKnownFileType = sourcecode.swift; path = AppDelegate.swift; sourceTree = "<group>"; };
		64A85A161F8F453300BF0A4C /* ViewController.swift */ = {isa = PBXFileReference; lastKnownFileType = sourcecode.swift; path = ViewController.swift; sourceTree = "<group>"; };
		64A85A191F8F453300BF0A4C /* Base */ = {isa = PBXFileReference; lastKnownFileType = file.storyboard; name = Base; path = Base.lproj/Main.storyboard; sourceTree = "<group>"; };
		64A85A1B1F8F453300BF0A4C /* Assets.xcassets */ = {isa = PBXFileReference; lastKnownFileType = folder.assetcatalog; path = Assets.xcassets; sourceTree = "<group>"; };
		64A85A1E1F8F453300BF0A4C /* Base */ = {isa = PBXFileReference; lastKnownFileType = file.storyboard; name = Base; path = Base.lproj/LaunchScreen.storyboard; sourceTree = "<group>"; };
		64A85A201F8F453300BF0A4C /* Info.plist */ = {isa = PBXFileReference; lastKnownFileType = text.plist.xml; path = Info.plist; sourceTree = "<group>"; };
		64A85A251F8F453300BF0A4C /* APILayerKitTests.xctest */ = {isa = PBXFileReference; explicitFileType = wrapper.cfbundle; includeInIndex = 0; path = APILayerKitTests.xctest; sourceTree = BUILT_PRODUCTS_DIR; };
		64A85A291F8F453300BF0A4C /* APILayerKitTests.swift */ = {isa = PBXFileReference; lastKnownFileType = sourcecode.swift; path = APILayerKitTests.swift; sourceTree = "<group>"; };
		64A85A2B1F8F453300BF0A4C /* Info.plist */ = {isa = PBXFileReference; lastKnownFileType = text.plist.xml; path = Info.plist; sourceTree = "<group>"; };
		64A85A301F8F453300BF0A4C /* APILayerKitUITests.xctest */ = {isa = PBXFileReference; explicitFileType = wrapper.cfbundle; includeInIndex = 0; path = APILayerKitUITests.xctest; sourceTree = BUILT_PRODUCTS_DIR; };
		64A85A341F8F453300BF0A4C /* APILayerKitUITests.swift */ = {isa = PBXFileReference; lastKnownFileType = sourcecode.swift; path = APILayerKitUITests.swift; sourceTree = "<group>"; };
		64A85A361F8F453300BF0A4C /* Info.plist */ = {isa = PBXFileReference; lastKnownFileType = text.plist.xml; path = Info.plist; sourceTree = "<group>"; };
		A0814281334F418BAA5C555D /* Pods-APILayerKitUITests.release.xcconfig */ = {isa = PBXFileReference; includeInIndex = 1; lastKnownFileType = text.xcconfig; name = "Pods-APILayerKitUITests.release.xcconfig"; path = "Pods/Target Support Files/Pods-APILayerKitUITests/Pods-APILayerKitUITests.release.xcconfig"; sourceTree = "<group>"; };
		D2E43C2BEAB7D1EE402FB2B5 /* Pods-APILayerKit.release.xcconfig */ = {isa = PBXFileReference; includeInIndex = 1; lastKnownFileType = text.xcconfig; name = "Pods-APILayerKit.release.xcconfig"; path = "Pods/Target Support Files/Pods-APILayerKit/Pods-APILayerKit.release.xcconfig"; sourceTree = "<group>"; };
		D7BBA13571EC8981F6810974 /* Pods_APILayerKitTests.framework */ = {isa = PBXFileReference; explicitFileType = wrapper.framework; includeInIndex = 0; path = Pods_APILayerKitTests.framework; sourceTree = BUILT_PRODUCTS_DIR; };
		DFB5FC4630498180E00A1A06 /* Pods-APILayerKit.debug.xcconfig */ = {isa = PBXFileReference; includeInIndex = 1; lastKnownFileType = text.xcconfig; name = "Pods-APILayerKit.debug.xcconfig"; path = "Pods/Target Support Files/Pods-APILayerKit/Pods-APILayerKit.debug.xcconfig"; sourceTree = "<group>"; };
		E52B26FEEDCD534DE18101BD /* Pods-APILayerKitUITests.debug.xcconfig */ = {isa = PBXFileReference; includeInIndex = 1; lastKnownFileType = text.xcconfig; name = "Pods-APILayerKitUITests.debug.xcconfig"; path = "Pods/Target Support Files/Pods-APILayerKitUITests/Pods-APILayerKitUITests.debug.xcconfig"; sourceTree = "<group>"; };
/* End PBXFileReference section */

/* Begin PBXFrameworksBuildPhase section */
		64A85A0E1F8F453300BF0A4C /* Frameworks */ = {
			isa = PBXFrameworksBuildPhase;
			buildActionMask = 2147483647;
			files = (
				AE432C81D3D93861152A5E77 /* Pods_APILayerKit.framework in Frameworks */,
			);
			runOnlyForDeploymentPostprocessing = 0;
		};
		64A85A221F8F453300BF0A4C /* Frameworks */ = {
			isa = PBXFrameworksBuildPhase;
			buildActionMask = 2147483647;
			files = (
				6F729079549CC8E36BDB3FA3 /* Pods_APILayerKitTests.framework in Frameworks */,
			);
			runOnlyForDeploymentPostprocessing = 0;
		};
		64A85A2D1F8F453300BF0A4C /* Frameworks */ = {
			isa = PBXFrameworksBuildPhase;
			buildActionMask = 2147483647;
			files = (
				26004ABCAAB88149B1D02CAB /* Pods_APILayerKitUITests.framework in Frameworks */,
			);
			runOnlyForDeploymentPostprocessing = 0;
		};
/* End PBXFrameworksBuildPhase section */

/* Begin PBXGroup section */
		2026D31FBA63F01950D5EE1B /* Pods */ = {
			isa = PBXGroup;
			children = (
				DFB5FC4630498180E00A1A06 /* Pods-APILayerKit.debug.xcconfig */,
				D2E43C2BEAB7D1EE402FB2B5 /* Pods-APILayerKit.release.xcconfig */,
				4D7FAF381D7060122D511337 /* Pods-APILayerKitTests.debug.xcconfig */,
				1156688A1087639E46523F80 /* Pods-APILayerKitTests.release.xcconfig */,
				E52B26FEEDCD534DE18101BD /* Pods-APILayerKitUITests.debug.xcconfig */,
				A0814281334F418BAA5C555D /* Pods-APILayerKitUITests.release.xcconfig */,
			);
			name = Pods;
			sourceTree = "<group>";
		};
		3AEEB5611F92555F007A1CAE /* Abstract */ = {
			isa = PBXGroup;
			children = (
				3AEEB5621F92555F007A1CAE /* Api.swift */,
				3AEEB5631F92555F007A1CAE /* ApiAccess.swift */,
				3AEEB5641F92555F007A1CAE /* ModelMap.swift */,
				3AEEB5651F92555F007A1CAE /* SessionManager.swift */,
				3AEEB56A1F9255E5007A1CAE /* Alamofire+SwiftyJSON.swift */,
			);
			path = Abstract;
			sourceTree = "<group>";
		};
		64A85A081F8F453300BF0A4C = {
			isa = PBXGroup;
			children = (
				64A85A131F8F453300BF0A4C /* APILayerKit */,
				64A85A281F8F453300BF0A4C /* APILayerKitTests */,
				64A85A331F8F453300BF0A4C /* APILayerKitUITests */,
				64A85A121F8F453300BF0A4C /* Products */,
				2026D31FBA63F01950D5EE1B /* Pods */,
				FF6E95E60B963A7C48049743 /* Frameworks */,
			);
			sourceTree = "<group>";
		};
		64A85A121F8F453300BF0A4C /* Products */ = {
			isa = PBXGroup;
			children = (
				64A85A111F8F453300BF0A4C /* APILayerKit.app */,
				64A85A251F8F453300BF0A4C /* APILayerKitTests.xctest */,
				64A85A301F8F453300BF0A4C /* APILayerKitUITests.xctest */,
			);
			name = Products;
			sourceTree = "<group>";
		};
		64A85A131F8F453300BF0A4C /* APILayerKit */ = {
			isa = PBXGroup;
			children = (
				3AEEB5611F92555F007A1CAE /* Abstract */,
				64A85A141F8F453300BF0A4C /* AppDelegate.swift */,
				3AEEB56C1F92599B007A1CAE /* Example.swift */,
				64A85A161F8F453300BF0A4C /* ViewController.swift */,
				64A85A181F8F453300BF0A4C /* Main.storyboard */,
				64A85A1B1F8F453300BF0A4C /* Assets.xcassets */,
				64A85A1D1F8F453300BF0A4C /* LaunchScreen.storyboard */,
				64A85A201F8F453300BF0A4C /* Info.plist */,
			);
			path = APILayerKit;
			sourceTree = "<group>";
		};
		64A85A281F8F453300BF0A4C /* APILayerKitTests */ = {
			isa = PBXGroup;
			children = (
				64A85A291F8F453300BF0A4C /* APILayerKitTests.swift */,
				64A85A2B1F8F453300BF0A4C /* Info.plist */,
			);
			path = APILayerKitTests;
			sourceTree = "<group>";
		};
		64A85A331F8F453300BF0A4C /* APILayerKitUITests */ = {
			isa = PBXGroup;
			children = (
				64A85A341F8F453300BF0A4C /* APILayerKitUITests.swift */,
				64A85A361F8F453300BF0A4C /* Info.plist */,
			);
			path = APILayerKitUITests;
			sourceTree = "<group>";
		};
		FF6E95E60B963A7C48049743 /* Frameworks */ = {
			isa = PBXGroup;
			children = (
				0FB0F0E5334D6840CCEC109E /* Pods_APILayerKit.framework */,
				D7BBA13571EC8981F6810974 /* Pods_APILayerKitTests.framework */,
				11B2C3F314EF7948BEA3B6AF /* Pods_APILayerKitUITests.framework */,
			);
			name = Frameworks;
			sourceTree = "<group>";
		};
/* End PBXGroup section */

/* Begin PBXNativeTarget section */
		64A85A101F8F453300BF0A4C /* APILayerKit */ = {
			isa = PBXNativeTarget;
			buildConfigurationList = 64A85A391F8F453300BF0A4C /* Build configuration list for PBXNativeTarget "APILayerKit" */;
			buildPhases = (
				A2D6ACB451BAF9E1E9CD4DC5 /* [CP] Check Pods Manifest.lock */,
				64A85A0D1F8F453300BF0A4C /* Sources */,
				64A85A0E1F8F453300BF0A4C /* Frameworks */,
				64A85A0F1F8F453300BF0A4C /* Resources */,
				4B340F40DA527613F441EBAC /* [CP] Embed Pods Frameworks */,
				885ED7DDF01CC2804282AB48 /* [CP] Copy Pods Resources */,
			);
			buildRules = (
			);
			dependencies = (
			);
			name = APILayerKit;
			productName = APILayerKit;
			productReference = 64A85A111F8F453300BF0A4C /* APILayerKit.app */;
			productType = "com.apple.product-type.application";
		};
		64A85A241F8F453300BF0A4C /* APILayerKitTests */ = {
			isa = PBXNativeTarget;
			buildConfigurationList = 64A85A3C1F8F453300BF0A4C /* Build configuration list for PBXNativeTarget "APILayerKitTests" */;
			buildPhases = (
				37F1528B786D8915B0B5D6EB /* [CP] Check Pods Manifest.lock */,
				64A85A211F8F453300BF0A4C /* Sources */,
				64A85A221F8F453300BF0A4C /* Frameworks */,
				64A85A231F8F453300BF0A4C /* Resources */,
				5FC8E7D8E8FEA53CB42357D9 /* [CP] Embed Pods Frameworks */,
				D7D2E3BEA6B62E1DFB31E29F /* [CP] Copy Pods Resources */,
			);
			buildRules = (
			);
			dependencies = (
				64A85A271F8F453300BF0A4C /* PBXTargetDependency */,
			);
			name = APILayerKitTests;
			productName = APILayerKitTests;
			productReference = 64A85A251F8F453300BF0A4C /* APILayerKitTests.xctest */;
			productType = "com.apple.product-type.bundle.unit-test";
		};
		64A85A2F1F8F453300BF0A4C /* APILayerKitUITests */ = {
			isa = PBXNativeTarget;
			buildConfigurationList = 64A85A3F1F8F453300BF0A4C /* Build configuration list for PBXNativeTarget "APILayerKitUITests" */;
			buildPhases = (
				CC8C48641731E1AE3B9D8C4A /* [CP] Check Pods Manifest.lock */,
				64A85A2C1F8F453300BF0A4C /* Sources */,
				64A85A2D1F8F453300BF0A4C /* Frameworks */,
				64A85A2E1F8F453300BF0A4C /* Resources */,
				A8BBB32A6DB65141058B5376 /* [CP] Embed Pods Frameworks */,
				00A239A0D639D0150FAB1374 /* [CP] Copy Pods Resources */,
			);
			buildRules = (
			);
			dependencies = (
				64A85A321F8F453300BF0A4C /* PBXTargetDependency */,
			);
			name = APILayerKitUITests;
			productName = APILayerKitUITests;
			productReference = 64A85A301F8F453300BF0A4C /* APILayerKitUITests.xctest */;
			productType = "com.apple.product-type.bundle.ui-testing";
		};
/* End PBXNativeTarget section */

/* Begin PBXProject section */
		64A85A091F8F453300BF0A4C /* Project object */ = {
			isa = PBXProject;
			attributes = {
				LastSwiftUpdateCheck = 0820;
				LastUpgradeCheck = 0820;
				ORGANIZATIONNAME = alvin;
				TargetAttributes = {
					64A85A101F8F453300BF0A4C = {
						CreatedOnToolsVersion = 8.2;
						DevelopmentTeam = 8TQN657P43;
						ProvisioningStyle = Automatic;
					};
					64A85A241F8F453300BF0A4C = {
						CreatedOnToolsVersion = 8.2;
						DevelopmentTeam = 8TQN657P43;
						ProvisioningStyle = Automatic;
						TestTargetID = 64A85A101F8F453300BF0A4C;
					};
					64A85A2F1F8F453300BF0A4C = {
						CreatedOnToolsVersion = 8.2;
						DevelopmentTeam = 8TQN657P43;
						ProvisioningStyle = Automatic;
						TestTargetID = 64A85A101F8F453300BF0A4C;
					};
				};
			};
			buildConfigurationList = 64A85A0C1F8F453300BF0A4C /* Build configuration list for PBXProject "APILayerKit" */;
			compatibilityVersion = "Xcode 3.2";
			developmentRegion = English;
			hasScannedForEncodings = 0;
			knownRegions = (
				en,
				Base,
			);
			mainGroup = 64A85A081F8F453300BF0A4C;
			productRefGroup = 64A85A121F8F453300BF0A4C /* Products */;
			projectDirPath = "";
			projectRoot = "";
			targets = (
				64A85A101F8F453300BF0A4C /* APILayerKit */,
				64A85A241F8F453300BF0A4C /* APILayerKitTests */,
				64A85A2F1F8F453300BF0A4C /* APILayerKitUITests */,
			);
		};
/* End PBXProject section */

/* Begin PBXResourcesBuildPhase section */
		64A85A0F1F8F453300BF0A4C /* Resources */ = {
			isa = PBXResourcesBuildPhase;
			buildActionMask = 2147483647;
			files = (
				64A85A1F1F8F453300BF0A4C /* LaunchScreen.storyboard in Resources */,
				64A85A1C1F8F453300BF0A4C /* Assets.xcassets in Resources */,
				64A85A1A1F8F453300BF0A4C /* Main.storyboard in Resources */,
			);
			runOnlyForDeploymentPostprocessing = 0;
		};
		64A85A231F8F453300BF0A4C /* Resources */ = {
			isa = PBXResourcesBuildPhase;
			buildActionMask = 2147483647;
			files = (
			);
			runOnlyForDeploymentPostprocessing = 0;
		};
		64A85A2E1F8F453300BF0A4C /* Resources */ = {
			isa = PBXResourcesBuildPhase;
			buildActionMask = 2147483647;
			files = (
			);
			runOnlyForDeploymentPostprocessing = 0;
		};
/* End PBXResourcesBuildPhase section */

/* Begin PBXShellScriptBuildPhase section */
		00A239A0D639D0150FAB1374 /* [CP] Copy Pods Resources */ = {
			isa = PBXShellScriptBuildPhase;
			buildActionMask = 2147483647;
			files = (
			);
			inputPaths = (
			);
			name = "[CP] Copy Pods Resources";
			outputPaths = (
			);
			runOnlyForDeploymentPostprocessing = 0;
			shellPath = /bin/sh;
			shellScript = "\"${SRCROOT}/Pods/Target Support Files/Pods-APILayerKitUITests/Pods-APILayerKitUITests-resources.sh\"\n";
			showEnvVarsInLog = 0;
		};
		37F1528B786D8915B0B5D6EB /* [CP] Check Pods Manifest.lock */ = {
			isa = PBXShellScriptBuildPhase;
			buildActionMask = 2147483647;
			files = (
			);
			inputPaths = (
			);
			name = "[CP] Check Pods Manifest.lock";
			outputPaths = (
			);
			runOnlyForDeploymentPostprocessing = 0;
			shellPath = /bin/sh;
			shellScript = "diff \"${PODS_PODFILE_DIR_PATH}/Podfile.lock\" \"${PODS_ROOT}/Manifest.lock\" > /dev/null\nif [ $? != 0 ] ; then\n    # print error to STDERR\n    echo \"error: The sandbox is not in sync with the Podfile.lock. Run 'pod install' or update your CocoaPods installation.\" >&2\n    exit 1\nfi\n";
			showEnvVarsInLog = 0;
		};
		4B340F40DA527613F441EBAC /* [CP] Embed Pods Frameworks */ = {
			isa = PBXShellScriptBuildPhase;
			buildActionMask = 2147483647;
			files = (
			);
			inputPaths = (
			);
			name = "[CP] Embed Pods Frameworks";
			outputPaths = (
			);
			runOnlyForDeploymentPostprocessing = 0;
			shellPath = /bin/sh;
			shellScript = "\"${SRCROOT}/Pods/Target Support Files/Pods-APILayerKit/Pods-APILayerKit-frameworks.sh\"\n";
			showEnvVarsInLog = 0;
		};
		5FC8E7D8E8FEA53CB42357D9 /* [CP] Embed Pods Frameworks */ = {
			isa = PBXShellScriptBuildPhase;
			buildActionMask = 2147483647;
			files = (
			);
			inputPaths = (
			);
			name = "[CP] Embed Pods Frameworks";
			outputPaths = (
			);
			runOnlyForDeploymentPostprocessing = 0;
			shellPath = /bin/sh;
			shellScript = "\"${SRCROOT}/Pods/Target Support Files/Pods-APILayerKitTests/Pods-APILayerKitTests-frameworks.sh\"\n";
			showEnvVarsInLog = 0;
		};
		885ED7DDF01CC2804282AB48 /* [CP] Copy Pods Resources */ = {
			isa = PBXShellScriptBuildPhase;
			buildActionMask = 2147483647;
			files = (
			);
			inputPaths = (
			);
			name = "[CP] Copy Pods Resources";
			outputPaths = (
			);
			runOnlyForDeploymentPostprocessing = 0;
			shellPath = /bin/sh;
			shellScript = "\"${SRCROOT}/Pods/Target Support Files/Pods-APILayerKit/Pods-APILayerKit-resources.sh\"\n";
			showEnvVarsInLog = 0;
		};
		A2D6ACB451BAF9E1E9CD4DC5 /* [CP] Check Pods Manifest.lock */ = {
			isa = PBXShellScriptBuildPhase;
			buildActionMask = 2147483647;
			files = (
			);
			inputPaths = (
			);
			name = "[CP] Check Pods Manifest.lock";
			outputPaths = (
			);
			runOnlyForDeploymentPostprocessing = 0;
			shellPath = /bin/sh;
			shellScript = "diff \"${PODS_PODFILE_DIR_PATH}/Podfile.lock\" \"${PODS_ROOT}/Manifest.lock\" > /dev/null\nif [ $? != 0 ] ; then\n    # print error to STDERR\n    echo \"error: The sandbox is not in sync with the Podfile.lock. Run 'pod install' or update your CocoaPods installation.\" >&2\n    exit 1\nfi\n";
			showEnvVarsInLog = 0;
		};
		A8BBB32A6DB65141058B5376 /* [CP] Embed Pods Frameworks */ = {
			isa = PBXShellScriptBuildPhase;
			buildActionMask = 2147483647;
			files = (
			);
			inputPaths = (
			);
			name = "[CP] Embed Pods Frameworks";
			outputPaths = (
			);
			runOnlyForDeploymentPostprocessing = 0;
			shellPath = /bin/sh;
			shellScript = "\"${SRCROOT}/Pods/Target Support Files/Pods-APILayerKitUITests/Pods-APILayerKitUITests-frameworks.sh\"\n";
			showEnvVarsInLog = 0;
		};
		CC8C48641731E1AE3B9D8C4A /* [CP] Check Pods Manifest.lock */ = {
			isa = PBXShellScriptBuildPhase;
			buildActionMask = 2147483647;
			files = (
			);
			inputPaths = (
			);
			name = "[CP] Check Pods Manifest.lock";
			outputPaths = (
			);
			runOnlyForDeploymentPostprocessing = 0;
			shellPath = /bin/sh;
			shellScript = "diff \"${PODS_PODFILE_DIR_PATH}/Podfile.lock\" \"${PODS_ROOT}/Manifest.lock\" > /dev/null\nif [ $? != 0 ] ; then\n    # print error to STDERR\n    echo \"error: The sandbox is not in sync with the Podfile.lock. Run 'pod install' or update your CocoaPods installation.\" >&2\n    exit 1\nfi\n";
			showEnvVarsInLog = 0;
		};
		D7D2E3BEA6B62E1DFB31E29F /* [CP] Copy Pods Resources */ = {
			isa = PBXShellScriptBuildPhase;
			buildActionMask = 2147483647;
			files = (
			);
			inputPaths = (
			);
			name = "[CP] Copy Pods Resources";
			outputPaths = (
			);
			runOnlyForDeploymentPostprocessing = 0;
			shellPath = /bin/sh;
			shellScript = "\"${SRCROOT}/Pods/Target Support Files/Pods-APILayerKitTests/Pods-APILayerKitTests-resources.sh\"\n";
			showEnvVarsInLog = 0;
		};
/* End PBXShellScriptBuildPhase section */

/* Begin PBXSourcesBuildPhase section */
		64A85A0D1F8F453300BF0A4C /* Sources */ = {
			isa = PBXSourcesBuildPhase;
			buildActionMask = 2147483647;
			files = (
				3AEEB5661F92555F007A1CAE /* Api.swift in Sources */,
				64A85A171F8F453300BF0A4C /* ViewController.swift in Sources */,
				3AEEB5691F92555F007A1CAE /* SessionManager.swift in Sources */,
				3AEEB5671F92555F007A1CAE /* ApiAccess.swift in Sources */,
				3AEEB56D1F92599B007A1CAE /* Example.swift in Sources */,
				3AEEB5681F92555F007A1CAE /* ModelMap.swift in Sources */,
				64A85A151F8F453300BF0A4C /* AppDelegate.swift in Sources */,
				3AEEB56B1F9255E5007A1CAE /* Alamofire+SwiftyJSON.swift in Sources */,
			);
			runOnlyForDeploymentPostprocessing = 0;
		};
		64A85A211F8F453300BF0A4C /* Sources */ = {
			isa = PBXSourcesBuildPhase;
			buildActionMask = 2147483647;
			files = (
				64A85A2A1F8F453300BF0A4C /* APILayerKitTests.swift in Sources */,
			);
			runOnlyForDeploymentPostprocessing = 0;
		};
		64A85A2C1F8F453300BF0A4C /* Sources */ = {
			isa = PBXSourcesBuildPhase;
			buildActionMask = 2147483647;
			files = (
				64A85A351F8F453300BF0A4C /* APILayerKitUITests.swift in Sources */,
			);
			runOnlyForDeploymentPostprocessing = 0;
		};
/* End PBXSourcesBuildPhase section */

/* Begin PBXTargetDependency section */
		64A85A271F8F453300BF0A4C /* PBXTargetDependency */ = {
			isa = PBXTargetDependency;
			target = 64A85A101F8F453300BF0A4C /* APILayerKit */;
			targetProxy = 64A85A261F8F453300BF0A4C /* PBXContainerItemProxy */;
		};
		64A85A321F8F453300BF0A4C /* PBXTargetDependency */ = {
			isa = PBXTargetDependency;
			target = 64A85A101F8F453300BF0A4C /* APILayerKit */;
			targetProxy = 64A85A311F8F453300BF0A4C /* PBXContainerItemProxy */;
		};
/* End PBXTargetDependency section */

/* Begin PBXVariantGroup section */
		64A85A181F8F453300BF0A4C /* Main.storyboard */ = {
			isa = PBXVariantGroup;
			children = (
				64A85A191F8F453300BF0A4C /* Base */,
			);
			name = Main.storyboard;
			sourceTree = "<group>";
		};
		64A85A1D1F8F453300BF0A4C /* LaunchScreen.storyboard */ = {
			isa = PBXVariantGroup;
			children = (
				64A85A1E1F8F453300BF0A4C /* Base */,
			);
			name = LaunchScreen.storyboard;
			sourceTree = "<group>";
		};
/* End PBXVariantGroup section */

/* Begin XCBuildConfiguration section */
		64A85A371F8F453300BF0A4C /* Debug */ = {
			isa = XCBuildConfiguration;
			buildSettings = {
				ALWAYS_SEARCH_USER_PATHS = NO;
				CLANG_ANALYZER_NONNULL = YES;
				CLANG_CXX_LANGUAGE_STANDARD = "gnu++0x";
				CLANG_CXX_LIBRARY = "libc++";
				CLANG_ENABLE_MODULES = YES;
				CLANG_ENABLE_OBJC_ARC = YES;
				CLANG_WARN_BOOL_CONVERSION = YES;
				CLANG_WARN_CONSTANT_CONVERSION = YES;
				CLANG_WARN_DIRECT_OBJC_ISA_USAGE = YES_ERROR;
				CLANG_WARN_DOCUMENTATION_COMMENTS = YES;
				CLANG_WARN_EMPTY_BODY = YES;
				CLANG_WARN_ENUM_CONVERSION = YES;
				CLANG_WARN_INFINITE_RECURSION = YES;
				CLANG_WARN_INT_CONVERSION = YES;
				CLANG_WARN_OBJC_ROOT_CLASS = YES_ERROR;
				CLANG_WARN_SUSPICIOUS_MOVE = YES;
				CLANG_WARN_UNREACHABLE_CODE = YES;
				CLANG_WARN__DUPLICATE_METHOD_MATCH = YES;
				"CODE_SIGN_IDENTITY[sdk=iphoneos*]" = "iPhone Developer";
				COPY_PHASE_STRIP = NO;
				DEBUG_INFORMATION_FORMAT = dwarf;
				ENABLE_STRICT_OBJC_MSGSEND = YES;
				ENABLE_TESTABILITY = YES;
				GCC_C_LANGUAGE_STANDARD = gnu99;
				GCC_DYNAMIC_NO_PIC = NO;
				GCC_NO_COMMON_BLOCKS = YES;
				GCC_OPTIMIZATION_LEVEL = 0;
				GCC_PREPROCESSOR_DEFINITIONS = (
					"DEBUG=1",
					"$(inherited)",
				);
				GCC_WARN_64_TO_32_BIT_CONVERSION = YES;
				GCC_WARN_ABOUT_RETURN_TYPE = YES_ERROR;
				GCC_WARN_UNDECLARED_SELECTOR = YES;
				GCC_WARN_UNINITIALIZED_AUTOS = YES_AGGRESSIVE;
				GCC_WARN_UNUSED_FUNCTION = YES;
				GCC_WARN_UNUSED_VARIABLE = YES;
				IPHONEOS_DEPLOYMENT_TARGET = 10.2;
				MTL_ENABLE_DEBUG_INFO = YES;
				ONLY_ACTIVE_ARCH = YES;
				SDKROOT = iphoneos;
				SWIFT_ACTIVE_COMPILATION_CONDITIONS = DEBUG;
				SWIFT_OPTIMIZATION_LEVEL = "-Onone";
			};
			name = Debug;
		};
		64A85A381F8F453300BF0A4C /* Release */ = {
			isa = XCBuildConfiguration;
			buildSettings = {
				ALWAYS_SEARCH_USER_PATHS = NO;
				CLANG_ANALYZER_NONNULL = YES;
				CLANG_CXX_LANGUAGE_STANDARD = "gnu++0x";
				CLANG_CXX_LIBRARY = "libc++";
				CLANG_ENABLE_MODULES = YES;
				CLANG_ENABLE_OBJC_ARC = YES;
				CLANG_WARN_BOOL_CONVERSION = YES;
				CLANG_WARN_CONSTANT_CONVERSION = YES;
				CLANG_WARN_DIRECT_OBJC_ISA_USAGE = YES_ERROR;
				CLANG_WARN_DOCUMENTATION_COMMENTS = YES;
				CLANG_WARN_EMPTY_BODY = YES;
				CLANG_WARN_ENUM_CONVERSION = YES;
				CLANG_WARN_INFINITE_RECURSION = YES;
				CLANG_WARN_INT_CONVERSION = YES;
				CLANG_WARN_OBJC_ROOT_CLASS = YES_ERROR;
				CLANG_WARN_SUSPICIOUS_MOVE = YES;
				CLANG_WARN_UNREACHABLE_CODE = YES;
				CLANG_WARN__DUPLICATE_METHOD_MATCH = YES;
				"CODE_SIGN_IDENTITY[sdk=iphoneos*]" = "iPhone Developer";
				COPY_PHASE_STRIP = NO;
				DEBUG_INFORMATION_FORMAT = "dwarf-with-dsym";
				ENABLE_NS_ASSERTIONS = NO;
				ENABLE_STRICT_OBJC_MSGSEND = YES;
				GCC_C_LANGUAGE_STANDARD = gnu99;
				GCC_NO_COMMON_BLOCKS = YES;
				GCC_WARN_64_TO_32_BIT_CONVERSION = YES;
				GCC_WARN_ABOUT_RETURN_TYPE = YES_ERROR;
				GCC_WARN_UNDECLARED_SELECTOR = YES;
				GCC_WARN_UNINITIALIZED_AUTOS = YES_AGGRESSIVE;
				GCC_WARN_UNUSED_FUNCTION = YES;
				GCC_WARN_UNUSED_VARIABLE = YES;
				IPHONEOS_DEPLOYMENT_TARGET = 10.2;
				MTL_ENABLE_DEBUG_INFO = NO;
				SDKROOT = iphoneos;
				SWIFT_OPTIMIZATION_LEVEL = "-Owholemodule";
				VALIDATE_PRODUCT = YES;
			};
			name = Release;
		};
		64A85A3A1F8F453300BF0A4C /* Debug */ = {
			isa = XCBuildConfiguration;
			baseConfigurationReference = DFB5FC4630498180E00A1A06 /* Pods-APILayerKit.debug.xcconfig */;
			buildSettings = {
				ASSETCATALOG_COMPILER_APPICON_NAME = AppIcon;
				"CODE_SIGN_IDENTITY[sdk=iphoneos*]" = "iPhone Developer";
				CODE_SIGN_STYLE = Automatic;
				DEVELOPMENT_TEAM = 8TQN657P43;
				INFOPLIST_FILE = APILayerKit/Info.plist;
				LD_RUNPATH_SEARCH_PATHS = "$(inherited) @executable_path/Frameworks";
				PRODUCT_BUNDLE_IDENTIFIER = alvin.APILayerKit;
				PRODUCT_NAME = "$(TARGET_NAME)";
				PROVISIONING_PROFILE_SPECIFIER = "";
				SWIFT_VERSION = 3.0;
			};
			name = Debug;
		};
		64A85A3B1F8F453300BF0A4C /* Release */ = {
			isa = XCBuildConfiguration;
			baseConfigurationReference = D2E43C2BEAB7D1EE402FB2B5 /* Pods-APILayerKit.release.xcconfig */;
			buildSettings = {
				ASSETCATALOG_COMPILER_APPICON_NAME = AppIcon;
				"CODE_SIGN_IDENTITY[sdk=iphoneos*]" = "iPhone Developer";
				CODE_SIGN_STYLE = Automatic;
				DEVELOPMENT_TEAM = 8TQN657P43;
				INFOPLIST_FILE = APILayerKit/Info.plist;
				LD_RUNPATH_SEARCH_PATHS = "$(inherited) @executable_path/Frameworks";
				PRODUCT_BUNDLE_IDENTIFIER = alvin.APILayerKit;
				PRODUCT_NAME = "$(TARGET_NAME)";
				PROVISIONING_PROFILE_SPECIFIER = "";
				SWIFT_VERSION = 3.0;
			};
			name = Release;
		};
		64A85A3D1F8F453300BF0A4C /* Debug */ = {
			isa = XCBuildConfiguration;
			baseConfigurationReference = 4D7FAF381D7060122D511337 /* Pods-APILayerKitTests.debug.xcconfig */;
			buildSettings = {
				ALWAYS_EMBED_SWIFT_STANDARD_LIBRARIES = YES;
				BUNDLE_LOADER = "$(TEST_HOST)";
				DEVELOPMENT_TEAM = 8TQN657P43;
				INFOPLIST_FILE = APILayerKitTests/Info.plist;
				LD_RUNPATH_SEARCH_PATHS = "$(inherited) @executable_path/Frameworks @loader_path/Frameworks";
				PRODUCT_BUNDLE_IDENTIFIER = alvin.APILayerKitTests;
				PRODUCT_NAME = "$(TARGET_NAME)";
				SWIFT_VERSION = 3.0;
				TEST_HOST = "$(BUILT_PRODUCTS_DIR)/APILayerKit.app/APILayerKit";
			};
			name = Debug;
		};
		64A85A3E1F8F453300BF0A4C /* Release */ = {
			isa = XCBuildConfiguration;
			baseConfigurationReference = 1156688A1087639E46523F80 /* Pods-APILayerKitTests.release.xcconfig */;
			buildSettings = {
				ALWAYS_EMBED_SWIFT_STANDARD_LIBRARIES = YES;
				BUNDLE_LOADER = "$(TEST_HOST)";
				DEVELOPMENT_TEAM = 8TQN657P43;
				INFOPLIST_FILE = APILayerKitTests/Info.plist;
				LD_RUNPATH_SEARCH_PATHS = "$(inherited) @executable_path/Frameworks @loader_path/Frameworks";
				PRODUCT_BUNDLE_IDENTIFIER = alvin.APILayerKitTests;
				PRODUCT_NAME = "$(TARGET_NAME)";
				SWIFT_VERSION = 3.0;
				TEST_HOST = "$(BUILT_PRODUCTS_DIR)/APILayerKit.app/APILayerKit";
			};
			name = Release;
		};
		64A85A401F8F453300BF0A4C /* Debug */ = {
			isa = XCBuildConfiguration;
			baseConfigurationReference = E52B26FEEDCD534DE18101BD /* Pods-APILayerKitUITests.debug.xcconfig */;
			buildSettings = {
				ALWAYS_EMBED_SWIFT_STANDARD_LIBRARIES = YES;
				DEVELOPMENT_TEAM = 8TQN657P43;
				INFOPLIST_FILE = APILayerKitUITests/Info.plist;
				LD_RUNPATH_SEARCH_PATHS = "$(inherited) @executable_path/Frameworks @loader_path/Frameworks";
				PRODUCT_BUNDLE_IDENTIFIER = alvin.APILayerKitUITests;
				PRODUCT_NAME = "$(TARGET_NAME)";
				SWIFT_VERSION = 3.0;
				TEST_TARGET_NAME = APILayerKit;
			};
			name = Debug;
		};
		64A85A411F8F453300BF0A4C /* Release */ = {
			isa = XCBuildConfiguration;
			baseConfigurationReference = A0814281334F418BAA5C555D /* Pods-APILayerKitUITests.release.xcconfig */;
			buildSettings = {
				ALWAYS_EMBED_SWIFT_STANDARD_LIBRARIES = YES;
				DEVELOPMENT_TEAM = 8TQN657P43;
				INFOPLIST_FILE = APILayerKitUITests/Info.plist;
				LD_RUNPATH_SEARCH_PATHS = "$(inherited) @executable_path/Frameworks @loader_path/Frameworks";
				PRODUCT_BUNDLE_IDENTIFIER = alvin.APILayerKitUITests;
				PRODUCT_NAME = "$(TARGET_NAME)";
				SWIFT_VERSION = 3.0;
				TEST_TARGET_NAME = APILayerKit;
			};
			name = Release;
		};
/* End XCBuildConfiguration section */

/* Begin XCConfigurationList section */
		64A85A0C1F8F453300BF0A4C /* Build configuration list for PBXProject "APILayerKit" */ = {
			isa = XCConfigurationList;
			buildConfigurations = (
				64A85A371F8F453300BF0A4C /* Debug */,
				64A85A381F8F453300BF0A4C /* Release */,
			);
			defaultConfigurationIsVisible = 0;
			defaultConfigurationName = Release;
		};
		64A85A391F8F453300BF0A4C /* Build configuration list for PBXNativeTarget "APILayerKit" */ = {
			isa = XCConfigurationList;
			buildConfigurations = (
				64A85A3A1F8F453300BF0A4C /* Debug */,
				64A85A3B1F8F453300BF0A4C /* Release */,
			);
			defaultConfigurationIsVisible = 0;
			defaultConfigurationName = Release;
		};
		64A85A3C1F8F453300BF0A4C /* Build configuration list for PBXNativeTarget "APILayerKitTests" */ = {
			isa = XCConfigurationList;
			buildConfigurations = (
				64A85A3D1F8F453300BF0A4C /* Debug */,
				64A85A3E1F8F453300BF0A4C /* Release */,
			);
			defaultConfigurationIsVisible = 0;
			defaultConfigurationName = Release;
		};
		64A85A3F1F8F453300BF0A4C /* Build configuration list for PBXNativeTarget "APILayerKitUITests" */ = {
			isa = XCConfigurationList;
			buildConfigurations = (
				64A85A401F8F453300BF0A4C /* Debug */,
				64A85A411F8F453300BF0A4C /* Release */,
			);
			defaultConfigurationIsVisible = 0;
			defaultConfigurationName = Release;
		};
/* End XCConfigurationList section */
	};
	rootObject = 64A85A091F8F453300BF0A4C /* Project object */;
}
